
Microsoft Visual Studio Solution File, Format Version 12.00
# Visual Studio 15
VisualStudioVersion = 15.0.26730.16
MinimumVisualStudioVersion = 10.0.40219.1
Project("{FAE04EC0-301F-11D3-BF4B-00C04F79EFBC}") = "WPF_CoffeeShop", "WPF_CoffeeShop\WPF_CoffeeShop.csproj", "{6CF35A8E-3D09-43F0-AAC0-6EAA83AC6512}"
EndProject
Global
	GlobalSection(SolutionConfigurationPlatforms) = preSolution
		Debug|Any CPU = Debug|Any CPU
		Release|Any CPU = Release|Any CPU
	EndGlobalSection
	GlobalSection(ProjectConfigurationPlatforms) = postSolution
		{6CF35A8E-3D09-43F0-AAC0-6EAA83AC6512}.Debug|Any CPU.ActiveCfg = Debug|Any CPU
		{6CF35A8E-3D09-43F0-AAC0-6EAA83AC6512}.Debug|Any CPU.Build.0 = Debug|Any CPU
		{6CF35A8E-3D09-43F0-AAC0-6EAA83AC6512}.Release|Any CPU.ActiveCfg = Release|Any CPU
		{6CF35A8E-3D09-43F0-AAC0-6EAA83AC6512}.Release|Any CPU.Build.0 = Release|Any CPU
	EndGlobalSection
	GlobalSection(SolutionProperties) = preSolution
		HideSolutionNode = FALSE
	EndGlobalSection
	GlobalSection(ExtensibilityGlobals) = postSolution
		SolutionGuid = {2B4457A9-069E-4BCA-9108-045F1DA8B01A}
	EndGlobalSection
EndGlobal
